// !$*UTF8*$!
{
	archiveVersion = 1;
	classes = {
	};
	objectVersion = 56;
	objects = {

/* Begin PBXBuildFile section */
		E50ED24F293CC14500679B9D /* KoreanLunarConverter.framework in Frameworks */ = {isa = PBXBuildFile; fileRef = E50ED244293CC14400679B9D /* KoreanLunarConverter.framework */; };
		E50ED255293CC14500679B9D /* KoreanLunarConverter.h in Headers */ = {isa = PBXBuildFile; fileRef = E50ED247293CC14400679B9D /* KoreanLunarConverter.h */; settings = {ATTRIBUTES = (Public, ); }; };
		E55605692940D22600EDE888 /* KoreanDate.swift in Sources */ = {isa = PBXBuildFile; fileRef = E556055E2940D22600EDE888 /* KoreanDate.swift */; };
		E556056A2940D22600EDE888 /* KoreanDate.swift in Sources */ = {isa = PBXBuildFile; fileRef = E556055E2940D22600EDE888 /* KoreanDate.swift */; };
		E556056B2940D22600EDE888 /* KoreanLunarConvertError.swift in Sources */ = {isa = PBXBuildFile; fileRef = E556055F2940D22600EDE888 /* KoreanLunarConvertError.swift */; };
		E556056C2940D22600EDE888 /* KoreanLunarConvertError.swift in Sources */ = {isa = PBXBuildFile; fileRef = E556055F2940D22600EDE888 /* KoreanLunarConvertError.swift */; };
		E556056D2940D22600EDE888 /* KoreanLunarDataSource.swift in Sources */ = {isa = PBXBuildFile; fileRef = E55605602940D22600EDE888 /* KoreanLunarDataSource.swift */; };
		E556056E2940D22600EDE888 /* KoreanLunarDataSource.swift in Sources */ = {isa = PBXBuildFile; fileRef = E55605602940D22600EDE888 /* KoreanLunarDataSource.swift */; };
		E556056F2940D22600EDE888 /* KoreanLunarAlgorithm.swift in Sources */ = {isa = PBXBuildFile; fileRef = E55605612940D22600EDE888 /* KoreanLunarAlgorithm.swift */; };
		E55605702940D22600EDE888 /* KoreanLunarAlgorithm.swift in Sources */ = {isa = PBXBuildFile; fileRef = E55605612940D22600EDE888 /* KoreanLunarAlgorithm.swift */; };
		E55605712940D22600EDE888 /* KoreanSolarToLunarConverter.swift in Sources */ = {isa = PBXBuildFile; fileRef = E55605622940D22600EDE888 /* KoreanSolarToLunarConverter.swift */; };
		E55605722940D22600EDE888 /* KoreanSolarToLunarConverter.swift in Sources */ = {isa = PBXBuildFile; fileRef = E55605622940D22600EDE888 /* KoreanSolarToLunarConverter.swift */; };
		E55605732940D22600EDE888 /* KoreanLunarStringFormatter.swift in Sources */ = {isa = PBXBuildFile; fileRef = E55605632940D22600EDE888 /* KoreanLunarStringFormatter.swift */; };
		E55605742940D22600EDE888 /* KoreanLunarStringFormatter.swift in Sources */ = {isa = PBXBuildFile; fileRef = E55605632940D22600EDE888 /* KoreanLunarStringFormatter.swift */; };
		E55605752940D22600EDE888 /* KoreanSolarAlgorithm.swift in Sources */ = {isa = PBXBuildFile; fileRef = E55605642940D22600EDE888 /* KoreanSolarAlgorithm.swift */; };
		E55605762940D22600EDE888 /* KoreanSolarAlgorithm.swift in Sources */ = {isa = PBXBuildFile; fileRef = E55605642940D22600EDE888 /* KoreanSolarAlgorithm.swift */; };
		E55605772940D22600EDE888 /* LunarDateRangeChecker.swift in Sources */ = {isa = PBXBuildFile; fileRef = E55605652940D22600EDE888 /* LunarDateRangeChecker.swift */; };
		E55605782940D22600EDE888 /* LunarDateRangeChecker.swift in Sources */ = {isa = PBXBuildFile; fileRef = E55605652940D22600EDE888 /* LunarDateRangeChecker.swift */; };
		E55605792940D22600EDE888 /* KoreanLunarToSolarConverter.swift in Sources */ = {isa = PBXBuildFile; fileRef = E55605662940D22600EDE888 /* KoreanLunarToSolarConverter.swift */; };
		E556057A2940D22600EDE888 /* KoreanLunarToSolarConverter.swift in Sources */ = {isa = PBXBuildFile; fileRef = E55605662940D22600EDE888 /* KoreanLunarToSolarConverter.swift */; };
		E556057B2940D22600EDE888 /* SolarDateRangeChecker.swift in Sources */ = {isa = PBXBuildFile; fileRef = E55605672940D22600EDE888 /* SolarDateRangeChecker.swift */; };
		E556057C2940D22600EDE888 /* SolarDateRangeChecker.swift in Sources */ = {isa = PBXBuildFile; fileRef = E55605672940D22600EDE888 /* SolarDateRangeChecker.swift */; };
		E556057D2940D22600EDE888 /* Date+.swift in Sources */ = {isa = PBXBuildFile; fileRef = E55605682940D22600EDE888 /* Date+.swift */; };
		E556057E2940D22600EDE888 /* Date+.swift in Sources */ = {isa = PBXBuildFile; fileRef = E55605682940D22600EDE888 /* Date+.swift */; };
		E55605812940D23C00EDE888 /* SolarToLunarTests.swift in Sources */ = {isa = PBXBuildFile; fileRef = E556057F2940D23B00EDE888 /* SolarToLunarTests.swift */; };
		E55605822940D23C00EDE888 /* LunarToSolarTests.swift in Sources */ = {isa = PBXBuildFile; fileRef = E55605802940D23B00EDE888 /* LunarToSolarTests.swift */; };
		E5C90D5D294A286F0013593B /* SolarDateRangeCheckerTests.swift in Sources */ = {isa = PBXBuildFile; fileRef = E5C90D5B294A286F0013593B /* SolarDateRangeCheckerTests.swift */; };
		E5C90D5E294A286F0013593B /* LunarDateRangeCheckerTests.swift in Sources */ = {isa = PBXBuildFile; fileRef = E5C90D5C294A286F0013593B /* LunarDateRangeCheckerTests.swift */; };
/* End PBXBuildFile section */

/* Begin PBXContainerItemProxy section */
		E50ED250293CC14500679B9D /* PBXContainerItemProxy */ = {
			isa = PBXContainerItemProxy;
			containerPortal = E50ED23B293CC14400679B9D /* Project object */;
			proxyType = 1;
			remoteGlobalIDString = E50ED243293CC14400679B9D;
			remoteInfo = LunarSunConverter;
		};
/* End PBXContainerItemProxy section */

/* Begin PBXFileReference section */
		E50ED244293CC14400679B9D /* KoreanLunarConverter.framework */ = {isa = PBXFileReference; explicitFileType = wrapper.framework; includeInIndex = 0; path = KoreanLunarConverter.framework; sourceTree = BUILT_PRODUCTS_DIR; };
		E50ED247293CC14400679B9D /* KoreanLunarConverter.h */ = {isa = PBXFileReference; lastKnownFileType = sourcecode.c.h; path = KoreanLunarConverter.h; sourceTree = "<group>"; };
		E50ED24E293CC14500679B9D /* KoreanLunarConverterTests.xctest */ = {isa = PBXFileReference; explicitFileType = wrapper.cfbundle; includeInIndex = 0; path = KoreanLunarConverterTests.xctest; sourceTree = BUILT_PRODUCTS_DIR; };
		E556055E2940D22600EDE888 /* KoreanDate.swift */ = {isa = PBXFileReference; fileEncoding = 4; lastKnownFileType = sourcecode.swift; name = KoreanDate.swift; path = ../../Sources/KoreanLunarSolarConverter/KoreanDate.swift; sourceTree = "<group>"; };
		E556055F2940D22600EDE888 /* KoreanLunarConvertError.swift */ = {isa = PBXFileReference; fileEncoding = 4; lastKnownFileType = sourcecode.swift; name = KoreanLunarConvertError.swift; path = ../../Sources/KoreanLunarSolarConverter/KoreanLunarConvertError.swift; sourceTree = "<group>"; };
		E55605602940D22600EDE888 /* KoreanLunarDataSource.swift */ = {isa = PBXFileReference; fileEncoding = 4; lastKnownFileType = sourcecode.swift; name = KoreanLunarDataSource.swift; path = ../../Sources/KoreanLunarSolarConverter/KoreanLunarDataSource.swift; sourceTree = "<group>"; };
		E55605612940D22600EDE888 /* KoreanLunarAlgorithm.swift */ = {isa = PBXFileReference; fileEncoding = 4; lastKnownFileType = sourcecode.swift; name = KoreanLunarAlgorithm.swift; path = ../../Sources/KoreanLunarSolarConverter/KoreanLunarAlgorithm.swift; sourceTree = "<group>"; };
		E55605622940D22600EDE888 /* KoreanSolarToLunarConverter.swift */ = {isa = PBXFileReference; fileEncoding = 4; lastKnownFileType = sourcecode.swift; name = KoreanSolarToLunarConverter.swift; path = ../../Sources/KoreanLunarSolarConverter/KoreanSolarToLunarConverter.swift; sourceTree = "<group>"; };
		E55605632940D22600EDE888 /* KoreanLunarStringFormatter.swift */ = {isa = PBXFileReference; fileEncoding = 4; lastKnownFileType = sourcecode.swift; name = KoreanLunarStringFormatter.swift; path = ../../Sources/KoreanLunarSolarConverter/KoreanLunarStringFormatter.swift; sourceTree = "<group>"; };
		E55605642940D22600EDE888 /* KoreanSolarAlgorithm.swift */ = {isa = PBXFileReference; fileEncoding = 4; lastKnownFileType = sourcecode.swift; name = KoreanSolarAlgorithm.swift; path = ../../Sources/KoreanLunarSolarConverter/KoreanSolarAlgorithm.swift; sourceTree = "<group>"; };
		E55605652940D22600EDE888 /* LunarDateRangeChecker.swift */ = {isa = PBXFileReference; fileEncoding = 4; lastKnownFileType = sourcecode.swift; name = LunarDateRangeChecker.swift; path = ../../Sources/KoreanLunarSolarConverter/LunarDateRangeChecker.swift; sourceTree = "<group>"; };
		E55605662940D22600EDE888 /* KoreanLunarToSolarConverter.swift */ = {isa = PBXFileReference; fileEncoding = 4; lastKnownFileType = sourcecode.swift; name = KoreanLunarToSolarConverter.swift; path = ../../Sources/KoreanLunarSolarConverter/KoreanLunarToSolarConverter.swift; sourceTree = "<group>"; };
		E55605672940D22600EDE888 /* SolarDateRangeChecker.swift */ = {isa = PBXFileReference; fileEncoding = 4; lastKnownFileType = sourcecode.swift; name = SolarDateRangeChecker.swift; path = ../../Sources/KoreanLunarSolarConverter/SolarDateRangeChecker.swift; sourceTree = "<group>"; };
		E55605682940D22600EDE888 /* Date+.swift */ = {isa = PBXFileReference; fileEncoding = 4; lastKnownFileType = sourcecode.swift; name = "Date+.swift"; path = "../../Sources/KoreanLunarSolarConverter/Date+.swift"; sourceTree = "<group>"; };
		E556057F2940D23B00EDE888 /* SolarToLunarTests.swift */ = {isa = PBXFileReference; fileEncoding = 4; lastKnownFileType = sourcecode.swift; name = SolarToLunarTests.swift; path = ../../Tests/KoreanLunarSolarConverterTests/SolarToLunarTests.swift; sourceTree = "<group>"; };
		E55605802940D23B00EDE888 /* LunarToSolarTests.swift */ = {isa = PBXFileReference; fileEncoding = 4; lastKnownFileType = sourcecode.swift; name = LunarToSolarTests.swift; path = ../../Tests/KoreanLunarSolarConverterTests/LunarToSolarTests.swift; sourceTree = "<group>"; };
		E5C90D5B294A286F0013593B /* SolarDateRangeCheckerTests.swift */ = {isa = PBXFileReference; fileEncoding = 4; lastKnownFileType = sourcecode.swift; name = SolarDateRangeCheckerTests.swift; path = ../../Tests/KoreanLunarSolarConverterTests/SolarDateRangeCheckerTests.swift; sourceTree = "<group>"; };
		E5C90D5C294A286F0013593B /* LunarDateRangeCheckerTests.swift */ = {isa = PBXFileReference; fileEncoding = 4; lastKnownFileType = sourcecode.swift; name = LunarDateRangeCheckerTests.swift; path = ../../Tests/KoreanLunarSolarConverterTests/LunarDateRangeCheckerTests.swift; sourceTree = "<group>"; };
/* End PBXFileReference section */

/* Begin PBXFrameworksBuildPhase section */
		E50ED241293CC14400679B9D /* Frameworks */ = {
			isa = PBXFrameworksBuildPhase;
			buildActionMask = 2147483647;
			files = (
			);
			runOnlyForDeploymentPostprocessing = 0;
		};
		E50ED24B293CC14500679B9D /* Frameworks */ = {
			isa = PBXFrameworksBuildPhase;
			buildActionMask = 2147483647;
			files = (
				E50ED24F293CC14500679B9D /* KoreanLunarConverter.framework in Frameworks */,
			);
			runOnlyForDeploymentPostprocessing = 0;
		};
/* End PBXFrameworksBuildPhase section */

/* Begin PBXGroup section */
		E50ED23A293CC14400679B9D = {
			isa = PBXGroup;
			children = (
				E50ED246293CC14400679B9D /* KoreanLunarConverter */,
				E50ED252293CC14500679B9D /* KoreanLunarConverterTests */,
				E50ED245293CC14400679B9D /* Products */,
			);
			sourceTree = "<group>";
		};
		E50ED245293CC14400679B9D /* Products */ = {
			isa = PBXGroup;
			children = (
				E50ED244293CC14400679B9D /* KoreanLunarConverter.framework */,
				E50ED24E293CC14500679B9D /* KoreanLunarConverterTests.xctest */,
			);
			name = Products;
			sourceTree = "<group>";
		};
		E50ED246293CC14400679B9D /* KoreanLunarConverter */ = {
			isa = PBXGroup;
			children = (
				E55605682940D22600EDE888 /* Date+.swift */,
				E556055E2940D22600EDE888 /* KoreanDate.swift */,
				E55605612940D22600EDE888 /* KoreanLunarAlgorithm.swift */,
				E556055F2940D22600EDE888 /* KoreanLunarConvertError.swift */,
				E55605602940D22600EDE888 /* KoreanLunarDataSource.swift */,
				E55605632940D22600EDE888 /* KoreanLunarStringFormatter.swift */,
				E55605662940D22600EDE888 /* KoreanLunarToSolarConverter.swift */,
				E55605642940D22600EDE888 /* KoreanSolarAlgorithm.swift */,
				E55605622940D22600EDE888 /* KoreanSolarToLunarConverter.swift */,
				E55605652940D22600EDE888 /* LunarDateRangeChecker.swift */,
				E55605672940D22600EDE888 /* SolarDateRangeChecker.swift */,
				E50ED247293CC14400679B9D /* KoreanLunarConverter.h */,
			);
			path = KoreanLunarConverter;
			sourceTree = "<group>";
		};
		E50ED252293CC14500679B9D /* KoreanLunarConverterTests */ = {
			isa = PBXGroup;
			children = (
				E5C90D5C294A286F0013593B /* LunarDateRangeCheckerTests.swift */,
				E5C90D5B294A286F0013593B /* SolarDateRangeCheckerTests.swift */,
				E55605802940D23B00EDE888 /* LunarToSolarTests.swift */,
				E556057F2940D23B00EDE888 /* SolarToLunarTests.swift */,
			);
			path = KoreanLunarConverterTests;
			sourceTree = "<group>";
		};
/* End PBXGroup section */

/* Begin PBXHeadersBuildPhase section */
		E50ED23F293CC14400679B9D /* Headers */ = {
			isa = PBXHeadersBuildPhase;
			buildActionMask = 2147483647;
			files = (
				E50ED255293CC14500679B9D /* KoreanLunarConverter.h in Headers */,
			);
			runOnlyForDeploymentPostprocessing = 0;
		};
/* End PBXHeadersBuildPhase section */

/* Begin PBXNativeTarget section */
		E50ED243293CC14400679B9D /* KoreanLunarConverter */ = {
			isa = PBXNativeTarget;
			buildConfigurationList = E50ED258293CC14500679B9D /* Build configuration list for PBXNativeTarget "KoreanLunarConverter" */;
			buildPhases = (
				E50ED23F293CC14400679B9D /* Headers */,
				E50ED240293CC14400679B9D /* Sources */,
				E50ED241293CC14400679B9D /* Frameworks */,
				E50ED242293CC14400679B9D /* Resources */,
			);
			buildRules = (
			);
			dependencies = (
			);
			name = KoreanLunarConverter;
			packageProductDependencies = (
			);
			productName = LunarSunConverter;
			productReference = E50ED244293CC14400679B9D /* KoreanLunarConverter.framework */;
			productType = "com.apple.product-type.framework";
		};
		E50ED24D293CC14500679B9D /* KoreanLunarConverterTests */ = {
			isa = PBXNativeTarget;
			buildConfigurationList = E50ED25B293CC14500679B9D /* Build configuration list for PBXNativeTarget "KoreanLunarConverterTests" */;
			buildPhases = (
				E50ED24A293CC14500679B9D /* Sources */,
				E50ED24B293CC14500679B9D /* Frameworks */,
				E50ED24C293CC14500679B9D /* Resources */,
			);
			buildRules = (
			);
			dependencies = (
				E50ED251293CC14500679B9D /* PBXTargetDependency */,
			);
			name = KoreanLunarConverterTests;
			productName = LunarSunConverterTests;
			productReference = E50ED24E293CC14500679B9D /* KoreanLunarConverterTests.xctest */;
			productType = "com.apple.product-type.bundle.unit-test";
		};
/* End PBXNativeTarget section */

/* Begin PBXProject section */
		E50ED23B293CC14400679B9D /* Project object */ = {
			isa = PBXProject;
			attributes = {
				BuildIndependentTargetsInParallel = 1;
				LastSwiftUpdateCheck = 1410;
				LastUpgradeCheck = 1410;
				TargetAttributes = {
					E50ED243293CC14400679B9D = {
						CreatedOnToolsVersion = 14.1;
						LastSwiftMigration = 1410;
					};
					E50ED24D293CC14500679B9D = {
						CreatedOnToolsVersion = 14.1;
						LastSwiftMigration = 1410;
					};
				};
			};
			buildConfigurationList = E50ED23E293CC14400679B9D /* Build configuration list for PBXProject "KoreanLunarConverter" */;
			compatibilityVersion = "Xcode 14.0";
			developmentRegion = en;
			hasScannedForEncodings = 0;
			knownRegions = (
				en,
				Base,
			);
			mainGroup = E50ED23A293CC14400679B9D;
			packageReferences = (
			);
			productRefGroup = E50ED245293CC14400679B9D /* Products */;
			projectDirPath = "";
			projectRoot = "";
			targets = (
				E50ED243293CC14400679B9D /* KoreanLunarConverter */,
				E50ED24D293CC14500679B9D /* KoreanLunarConverterTests */,
			);
		};
/* End PBXProject section */

/* Begin PBXResourcesBuildPhase section */
		E50ED242293CC14400679B9D /* Resources */ = {
			isa = PBXResourcesBuildPhase;
			buildActionMask = 2147483647;
			files = (
			);
			runOnlyForDeploymentPostprocessing = 0;
		};
		E50ED24C293CC14500679B9D /* Resources */ = {
			isa = PBXResourcesBuildPhase;
			buildActionMask = 2147483647;
			files = (
			);
			runOnlyForDeploymentPostprocessing = 0;
		};
/* End PBXResourcesBuildPhase section */

/* Begin PBXSourcesBuildPhase section */
		E50ED240293CC14400679B9D /* Sources */ = {
			isa = PBXSourcesBuildPhase;
			buildActionMask = 2147483647;
			files = (
				E55605712940D22600EDE888 /* KoreanSolarToLunarConverter.swift in Sources */,
				E556056F2940D22600EDE888 /* KoreanLunarAlgorithm.swift in Sources */,
				E556057D2940D22600EDE888 /* Date+.swift in Sources */,
				E556056B2940D22600EDE888 /* KoreanLunarConvertError.swift in Sources */,
				E55605792940D22600EDE888 /* KoreanLunarToSolarConverter.swift in Sources */,
				E55605692940D22600EDE888 /* KoreanDate.swift in Sources */,
				E55605752940D22600EDE888 /* KoreanSolarAlgorithm.swift in Sources */,
				E556056D2940D22600EDE888 /* KoreanLunarDataSource.swift in Sources */,
				E55605732940D22600EDE888 /* KoreanLunarStringFormatter.swift in Sources */,
				E55605772940D22600EDE888 /* LunarDateRangeChecker.swift in Sources */,
				E556057B2940D22600EDE888 /* SolarDateRangeChecker.swift in Sources */,
			);
			runOnlyForDeploymentPostprocessing = 0;
		};
		E50ED24A293CC14500679B9D /* Sources */ = {
			isa = PBXSourcesBuildPhase;
			buildActionMask = 2147483647;
			files = (
				E5C90D5E294A286F0013593B /* LunarDateRangeCheckerTests.swift in Sources */,
				E556057E2940D22600EDE888 /* Date+.swift in Sources */,
				E55605782940D22600EDE888 /* LunarDateRangeChecker.swift in Sources */,
				E5C90D5D294A286F0013593B /* SolarDateRangeCheckerTests.swift in Sources */,
				E55605742940D22600EDE888 /* KoreanLunarStringFormatter.swift in Sources */,
				E55605812940D23C00EDE888 /* SolarToLunarTests.swift in Sources */,
				E55605722940D22600EDE888 /* KoreanSolarToLunarConverter.swift in Sources */,
				E556056A2940D22600EDE888 /* KoreanDate.swift in Sources */,
				E556057A2940D22600EDE888 /* KoreanLunarToSolarConverter.swift in Sources */,
				E556056C2940D22600EDE888 /* KoreanLunarConvertError.swift in Sources */,
				E55605822940D23C00EDE888 /* LunarToSolarTests.swift in Sources */,
				E55605702940D22600EDE888 /* KoreanLunarAlgorithm.swift in Sources */,
				E556056E2940D22600EDE888 /* KoreanLunarDataSource.swift in Sources */,
				E55605762940D22600EDE888 /* KoreanSolarAlgorithm.swift in Sources */,
				E556057C2940D22600EDE888 /* SolarDateRangeChecker.swift in Sources */,
			);
			runOnlyForDeploymentPostprocessing = 0;
		};
/* End PBXSourcesBuildPhase section */

/* Begin PBXTargetDependency section */
		E50ED251293CC14500679B9D /* PBXTargetDependency */ = {
			isa = PBXTargetDependency;
			target = E50ED243293CC14400679B9D /* KoreanLunarConverter */;
			targetProxy = E50ED250293CC14500679B9D /* PBXContainerItemProxy */;
		};
/* End PBXTargetDependency section */

/* Begin XCBuildConfiguration section */
		E50ED256293CC14500679B9D /* Debug */ = {
			isa = XCBuildConfiguration;
			buildSettings = {
				ALWAYS_SEARCH_USER_PATHS = NO;
				CLANG_ANALYZER_NONNULL = YES;
				CLANG_ANALYZER_NUMBER_OBJECT_CONVERSION = YES_AGGRESSIVE;
				CLANG_CXX_LANGUAGE_STANDARD = "gnu++20";
				CLANG_ENABLE_MODULES = YES;
				CLANG_ENABLE_OBJC_ARC = YES;
				CLANG_ENABLE_OBJC_WEAK = YES;
				CLANG_WARN_BLOCK_CAPTURE_AUTORELEASING = YES;
				CLANG_WARN_BOOL_CONVERSION = YES;
				CLANG_WARN_COMMA = YES;
				CLANG_WARN_CONSTANT_CONVERSION = YES;
				CLANG_WARN_DEPRECATED_OBJC_IMPLEMENTATIONS = YES;
				CLANG_WARN_DIRECT_OBJC_ISA_USAGE = YES_ERROR;
				CLANG_WARN_DOCUMENTATION_COMMENTS = YES;
				CLANG_WARN_EMPTY_BODY = YES;
				CLANG_WARN_ENUM_CONVERSION = YES;
				CLANG_WARN_INFINITE_RECURSION = YES;
				CLANG_WARN_INT_CONVERSION = YES;
				CLANG_WARN_NON_LITERAL_NULL_CONVERSION = YES;
				CLANG_WARN_OBJC_IMPLICIT_RETAIN_SELF = YES;
				CLANG_WARN_OBJC_LITERAL_CONVERSION = YES;
				CLANG_WARN_OBJC_ROOT_CLASS = YES_ERROR;
				CLANG_WARN_QUOTED_INCLUDE_IN_FRAMEWORK_HEADER = YES;
				CLANG_WARN_RANGE_LOOP_ANALYSIS = YES;
				CLANG_WARN_STRICT_PROTOTYPES = YES;
				CLANG_WARN_SUSPICIOUS_MOVE = YES;
				CLANG_WARN_UNGUARDED_AVAILABILITY = YES_AGGRESSIVE;
				CLANG_WARN_UNREACHABLE_CODE = YES;
				CLANG_WARN__DUPLICATE_METHOD_MATCH = YES;
				COPY_PHASE_STRIP = NO;
				CURRENT_PROJECT_VERSION = 1;
				DEBUG_INFORMATION_FORMAT = dwarf;
				ENABLE_STRICT_OBJC_MSGSEND = YES;
				ENABLE_TESTABILITY = YES;
				GCC_C_LANGUAGE_STANDARD = gnu11;
				GCC_DYNAMIC_NO_PIC = NO;
				GCC_NO_COMMON_BLOCKS = YES;
				GCC_OPTIMIZATION_LEVEL = 0;
				GCC_PREPROCESSOR_DEFINITIONS = (
					"DEBUG=1",
					"$(inherited)",
				);
				GCC_WARN_64_TO_32_BIT_CONVERSION = YES;
				GCC_WARN_ABOUT_RETURN_TYPE = YES_ERROR;
				GCC_WARN_UNDECLARED_SELECTOR = YES;
				GCC_WARN_UNINITIALIZED_AUTOS = YES_AGGRESSIVE;
				GCC_WARN_UNUSED_FUNCTION = YES;
				GCC_WARN_UNUSED_VARIABLE = YES;
				MACOSX_DEPLOYMENT_TARGET = 13.0;
				MTL_ENABLE_DEBUG_INFO = INCLUDE_SOURCE;
				MTL_FAST_MATH = YES;
				ONLY_ACTIVE_ARCH = YES;
				SWIFT_ACTIVE_COMPILATION_CONDITIONS = DEBUG;
				SWIFT_OPTIMIZATION_LEVEL = "-Onone";
				VERSIONING_SYSTEM = "apple-generic";
				VERSION_INFO_PREFIX = "";
			};
			name = Debug;
		};
		E50ED257293CC14500679B9D /* Release */ = {
			isa = XCBuildConfiguration;
			buildSettings = {
				ALWAYS_SEARCH_USER_PATHS = NO;
				CLANG_ANALYZER_NONNULL = YES;
				CLANG_ANALYZER_NUMBER_OBJECT_CONVERSION = YES_AGGRESSIVE;
				CLANG_CXX_LANGUAGE_STANDARD = "gnu++20";
				CLANG_ENABLE_MODULES = YES;
				CLANG_ENABLE_OBJC_ARC = YES;
				CLANG_ENABLE_OBJC_WEAK = YES;
				CLANG_WARN_BLOCK_CAPTURE_AUTORELEASING = YES;
				CLANG_WARN_BOOL_CONVERSION = YES;
				CLANG_WARN_COMMA = YES;
				CLANG_WARN_CONSTANT_CONVERSION = YES;
				CLANG_WARN_DEPRECATED_OBJC_IMPLEMENTATIONS = YES;
				CLANG_WARN_DIRECT_OBJC_ISA_USAGE = YES_ERROR;
				CLANG_WARN_DOCUMENTATION_COMMENTS = YES;
				CLANG_WARN_EMPTY_BODY = YES;
				CLANG_WARN_ENUM_CONVERSION = YES;
				CLANG_WARN_INFINITE_RECURSION = YES;
				CLANG_WARN_INT_CONVERSION = YES;
				CLANG_WARN_NON_LITERAL_NULL_CONVERSION = YES;
				CLANG_WARN_OBJC_IMPLICIT_RETAIN_SELF = YES;
				CLANG_WARN_OBJC_LITERAL_CONVERSION = YES;
				CLANG_WARN_OBJC_ROOT_CLASS = YES_ERROR;
				CLANG_WARN_QUOTED_INCLUDE_IN_FRAMEWORK_HEADER = YES;
				CLANG_WARN_RANGE_LOOP_ANALYSIS = YES;
				CLANG_WARN_STRICT_PROTOTYPES = YES;
				CLANG_WARN_SUSPICIOUS_MOVE = YES;
				CLANG_WARN_UNGUARDED_AVAILABILITY = YES_AGGRESSIVE;
				CLANG_WARN_UNREACHABLE_CODE = YES;
				CLANG_WARN__DUPLICATE_METHOD_MATCH = YES;
				COPY_PHASE_STRIP = NO;
				CURRENT_PROJECT_VERSION = 1;
				DEBUG_INFORMATION_FORMAT = "dwarf-with-dsym";
				ENABLE_NS_ASSERTIONS = NO;
				ENABLE_STRICT_OBJC_MSGSEND = YES;
				GCC_C_LANGUAGE_STANDARD = gnu11;
				GCC_NO_COMMON_BLOCKS = YES;
				GCC_WARN_64_TO_32_BIT_CONVERSION = YES;
				GCC_WARN_ABOUT_RETURN_TYPE = YES_ERROR;
				GCC_WARN_UNDECLARED_SELECTOR = YES;
				GCC_WARN_UNINITIALIZED_AUTOS = YES_AGGRESSIVE;
				GCC_WARN_UNUSED_FUNCTION = YES;
				GCC_WARN_UNUSED_VARIABLE = YES;
				MACOSX_DEPLOYMENT_TARGET = 13.0;
				MTL_ENABLE_DEBUG_INFO = NO;
				MTL_FAST_MATH = YES;
				SWIFT_COMPILATION_MODE = wholemodule;
				SWIFT_OPTIMIZATION_LEVEL = "-O";
				VERSIONING_SYSTEM = "apple-generic";
				VERSION_INFO_PREFIX = "";
			};
			name = Release;
		};
		E50ED259293CC14500679B9D /* Debug */ = {
			isa = XCBuildConfiguration;
			buildSettings = {
				ALLOW_TARGET_PLATFORM_SPECIALIZATION = YES;
				CLANG_ENABLE_MODULES = YES;
				CODE_SIGN_STYLE = Automatic;
				CURRENT_PROJECT_VERSION = 1;
				DEFINES_MODULE = YES;
				DEVELOPMENT_TEAM = "";
				DYLIB_COMPATIBILITY_VERSION = 1;
				DYLIB_CURRENT_VERSION = 1;
				DYLIB_INSTALL_NAME_BASE = "@rpath";
				GENERATE_INFOPLIST_FILE = YES;
				INFOPLIST_KEY_NSHumanReadableCopyright = "";
				INSTALL_PATH = "$(LOCAL_LIBRARY_DIR)/Frameworks";
				IPHONEOS_DEPLOYMENT_TARGET = 16.1;
				LD_RUNPATH_SEARCH_PATHS = (
					"@executable_path/Frameworks",
					"@loader_path/Frameworks",
				);
				"LD_RUNPATH_SEARCH_PATHS[sdk=macosx*]" = (
					"@executable_path/../Frameworks",
					"@loader_path/Frameworks",
				);
				MACOSX_DEPLOYMENT_TARGET = 13.0;
				MARKETING_VERSION = 1.0;
				PRODUCT_BUNDLE_IDENTIFIER = com.swiftman.KoreanLunarConverter;
				PRODUCT_NAME = "$(TARGET_NAME:c99extidentifier)";
				SDKROOT = auto;
				SKIP_INSTALL = YES;
				SUPPORTED_PLATFORMS = "watchsimulator watchos macosx iphonesimulator iphoneos driverkit appletvsimulator appletvos";
				SUPPORTS_MACCATALYST = YES;
				SWIFT_EMIT_LOC_STRINGS = YES;
				SWIFT_INSTALL_OBJC_HEADER = YES;
				SWIFT_OPTIMIZATION_LEVEL = "-Onone";
				SWIFT_VERSION = 5.0;
				TARGETED_DEVICE_FAMILY = "1,2";
			};
			name = Debug;
		};
		E50ED25A293CC14500679B9D /* Release */ = {
			isa = XCBuildConfiguration;
			buildSettings = {
				ALLOW_TARGET_PLATFORM_SPECIALIZATION = YES;
				CLANG_ENABLE_MODULES = YES;
				CODE_SIGN_STYLE = Automatic;
				CURRENT_PROJECT_VERSION = 1;
				DEFINES_MODULE = YES;
				DEVELOPMENT_TEAM = "";
				DYLIB_COMPATIBILITY_VERSION = 1;
				DYLIB_CURRENT_VERSION = 1;
				DYLIB_INSTALL_NAME_BASE = "@rpath";
				GENERATE_INFOPLIST_FILE = YES;
				INFOPLIST_KEY_NSHumanReadableCopyright = "";
				INSTALL_PATH = "$(LOCAL_LIBRARY_DIR)/Frameworks";
				IPHONEOS_DEPLOYMENT_TARGET = 16.1;
				LD_RUNPATH_SEARCH_PATHS = (
					"@executable_path/Frameworks",
					"@loader_path/Frameworks",
				);
				"LD_RUNPATH_SEARCH_PATHS[sdk=macosx*]" = (
					"@executable_path/../Frameworks",
					"@loader_path/Frameworks",
				);
				MACOSX_DEPLOYMENT_TARGET = 13.0;
				MARKETING_VERSION = 1.0;
				PRODUCT_BUNDLE_IDENTIFIER = com.swiftman.KoreanLunarConverter;
				PRODUCT_NAME = "$(TARGET_NAME:c99extidentifier)";
				SDKROOT = auto;
				SKIP_INSTALL = YES;
				SUPPORTED_PLATFORMS = "watchsimulator watchos macosx iphonesimulator iphoneos driverkit appletvsimulator appletvos";
				SUPPORTS_MACCATALYST = YES;
				SWIFT_EMIT_LOC_STRINGS = YES;
				SWIFT_INSTALL_OBJC_HEADER = YES;
				SWIFT_VERSION = 5.0;
				TARGETED_DEVICE_FAMILY = "1,2";
			};
			name = Release;
		};
		E50ED25C293CC14500679B9D /* Debug */ = {
			isa = XCBuildConfiguration;
			buildSettings = {
				ALWAYS_EMBED_SWIFT_STANDARD_LIBRARIES = YES;
				CLANG_ENABLE_MODULES = YES;
				CODE_SIGN_STYLE = Automatic;
				CURRENT_PROJECT_VERSION = 1;
				DEVELOPMENT_TEAM = Y7YQUS95SK;
				GENERATE_INFOPLIST_FILE = YES;
				IPHONEOS_DEPLOYMENT_TARGET = 16.1;
				LD_RUNPATH_SEARCH_PATHS = (
					"$(inherited)",
					"@executable_path/Frameworks",
					"@loader_path/Frameworks",
				);
				MACOSX_DEPLOYMENT_TARGET = 13.0;
				MARKETING_VERSION = 1.0;
				PRODUCT_BUNDLE_IDENTIFIER = com.swiftman.KoreanLunarConverterTests;
				PRODUCT_NAME = "$(TARGET_NAME)";
				SDKROOT = auto;
				SUPPORTED_PLATFORMS = "iphoneos iphonesimulator macosx";
				SWIFT_EMIT_LOC_STRINGS = NO;
				SWIFT_INSTALL_OBJC_HEADER = NO;
				SWIFT_OBJC_BRIDGING_HEADER = "";
				SWIFT_OPTIMIZATION_LEVEL = "-Onone";
				SWIFT_VERSION = 5.0;
				TARGETED_DEVICE_FAMILY = "1,2";
			};
			name = Debug;
		};
		E50ED25D293CC14500679B9D /* Release */ = {
			isa = XCBuildConfiguration;
			buildSettings = {
				ALWAYS_EMBED_SWIFT_STANDARD_LIBRARIES = YES;
				CLANG_ENABLE_MODULES = YES;
				CODE_SIGN_STYLE = Automatic;
				CURRENT_PROJECT_VERSION = 1;
				DEVELOPMENT_TEAM = Y7YQUS95SK;
				GENERATE_INFOPLIST_FILE = YES;
				IPHONEOS_DEPLOYMENT_TARGET = 16.1;
				LD_RUNPATH_SEARCH_PATHS = (
					"$(inherited)",
					"@executable_path/Frameworks",
					"@loader_path/Frameworks",
				);
				MACOSX_DEPLOYMENT_TARGET = 13.0;
				MARKETING_VERSION = 1.0;
				PRODUCT_BUNDLE_IDENTIFIER = com.swiftman.KoreanLunarConverterTests;
				PRODUCT_NAME = "$(TARGET_NAME)";
				SDKROOT = auto;
				SUPPORTED_PLATFORMS = "iphoneos iphonesimulator macosx";
				SWIFT_EMIT_LOC_STRINGS = NO;
				SWIFT_INSTALL_OBJC_HEADER = NO;
				SWIFT_OBJC_BRIDGING_HEADER = "";
				SWIFT_VERSION = 5.0;
				TARGETED_DEVICE_FAMILY = "1,2";
			};
			name = Release;
		};
/* End XCBuildConfiguration section */

/* Begin XCConfigurationList section */
		E50ED23E293CC14400679B9D /* Build configuration list for PBXProject "KoreanLunarConverter" */ = {
			isa = XCConfigurationList;
			buildConfigurations = (
				E50ED256293CC14500679B9D /* Debug */,
				E50ED257293CC14500679B9D /* Release */,
			);
			defaultConfigurationIsVisible = 0;
			defaultConfigurationName = Release;
		};
		E50ED258293CC14500679B9D /* Build configuration list for PBXNativeTarget "KoreanLunarConverter" */ = {
			isa = XCConfigurationList;
			buildConfigurations = (
				E50ED259293CC14500679B9D /* Debug */,
				E50ED25A293CC14500679B9D /* Release */,
			);
			defaultConfigurationIsVisible = 0;
			defaultConfigurationName = Release;
		};
		E50ED25B293CC14500679B9D /* Build configuration list for PBXNativeTarget "KoreanLunarConverterTests" */ = {
			isa = XCConfigurationList;
			buildConfigurations = (
				E50ED25C293CC14500679B9D /* Debug */,
				E50ED25D293CC14500679B9D /* Release */,
			);
			defaultConfigurationIsVisible = 0;
			defaultConfigurationName = Release;
		};
/* End XCConfigurationList section */
	};
	rootObject = E50ED23B293CC14400679B9D /* Project object */;
}
